
Microsoft Visual Studio Solution File, Format Version 12.00
# Visual Studio Version 17
VisualStudioVersion = 17.7.34031.279
MinimumVisualStudioVersion = 10.0.40219.1
Project("{2150E333-8FDC-42A3-9474-1A3956D46DE8}") = "Task0", "Task0", "{66F73E40-627B-48F0-AFFC-17C922ECD921}"
EndProject
Project("{FAE04EC0-301F-11D3-BF4B-00C04F79EFBC}") = "Tyuiu.AlmukhametovTI.Sprint2.Task0.V17", "Tyuiu.AlmukhametovTI.Sprint2.Task0.V17\Tyuiu.AlmukhametovTI.Sprint2.Task0.V17.csproj", "{311699B1-4CEA-4114-84F2-3A8F745A0991}"
EndProject
Project("{FAE04EC0-301F-11D3-BF4B-00C04F79EFBC}") = "Tyuiu.AlmukhametovTI.Sprint2.Task0.V17.Lib", "Tyuiu.AlmukhametovTI.Sprint2.Task0.V17.Lib\Tyuiu.AlmukhametovTI.Sprint2.Task0.V17.Lib.csproj", "{9859E663-3939-4DC0-B0D2-16F632E8105A}"
EndProject
Project("{FAE04EC0-301F-11D3-BF4B-00C04F79EFBC}") = "Tyuiu.AlmukhametovTI.Sprint2.Task0.V17.Test", "Tyuiu.AlmukhametovTI.Sprint2.Task0.V17.Test\Tyuiu.AlmukhametovTI.Sprint2.Task0.V17.Test.csproj", "{D17713D3-2426-49F1-9055-6E3C3061E9DE}"
EndProject
Project("{2150E333-8FDC-42A3-9474-1A3956D46DE8}") = "Task1", "Task1", "{CD9D685E-0D0F-4EFD-979E-D3E9A2387D51}"
EndProject
Project("{FAE04EC0-301F-11D3-BF4B-00C04F79EFBC}") = "Tyuiu.AlmukhametovTI.Sprint2.Task1.V2", "Tyuiu.AlmukhametovTI.Sprint2.Task1.V2\Tyuiu.AlmukhametovTI.Sprint2.Task1.V2.csproj", "{098DB434-103D-436A-96F2-B344ED098877}"
EndProject
Project("{FAE04EC0-301F-11D3-BF4B-00C04F79EFBC}") = "Tyuiu.AlmukhametovTI.Sprint2.Task1.V2.Lib", "Tyuiu.AlmukhametovTI.Sprint2.Task1.V2.Lib\Tyuiu.AlmukhametovTI.Sprint2.Task1.V2.Lib.csproj", "{3464F42E-1D0E-474F-B833-95DBBB2C3190}"
EndProject
Project("{FAE04EC0-301F-11D3-BF4B-00C04F79EFBC}") = "Tyuiu.AlmukhametovTI.Sprint2.Task1.V2.Test", "Tyuiu.AlmukhametovTI.Sprint2.Task1.V2.Test\Tyuiu.AlmukhametovTI.Sprint2.Task1.V2.Test.csproj", "{6415A2A4-6F3C-4930-BA81-B46C22E23C9F}"
EndProject
Project("{2150E333-8FDC-42A3-9474-1A3956D46DE8}") = "Task2", "Task2", "{3C0BEB08-FD39-4BD6-9C98-BEB5625DE531}"
EndProject
Project("{FAE04EC0-301F-11D3-BF4B-00C04F79EFBC}") = "Tyuiu.AlmukhametovTI.Sprint2.Task2.V20", "Tyuiu.AlmukhametovTI.Sprint2.Task2.V20\Tyuiu.AlmukhametovTI.Sprint2.Task2.V20.csproj", "{A7A09232-4B2C-45FF-96EC-2FFC801F8575}"
EndProject
Project("{FAE04EC0-301F-11D3-BF4B-00C04F79EFBC}") = "Tyuiu.AlmukhametovTI.Sprint2.Task2.V20.Lib", "Tyuiu.AlmukhametovTI.Sprint2.Task2.V20.Lib\Tyuiu.AlmukhametovTI.Sprint2.Task2.V20.Lib.csproj", "{BCFCC5FE-7AAD-4A9D-A00A-164823CE579C}"
EndProject
Project("{FAE04EC0-301F-11D3-BF4B-00C04F79EFBC}") = "Tyuiu.AlmukhametovTI.Sprint2.Task2.V20.Test", "Tyuiu.AlmukhametovTI.Sprint2.Task2.V20.Test\Tyuiu.AlmukhametovTI.Sprint2.Task2.V20.Test.csproj", "{3513970E-013B-4914-BBF2-1DB55A60E919}"
EndProject
Global
	GlobalSection(SolutionConfigurationPlatforms) = preSolution
		Debug|Any CPU = Debug|Any CPU
		Release|Any CPU = Release|Any CPU
	EndGlobalSection
	GlobalSection(ProjectConfigurationPlatforms) = postSolution
		{311699B1-4CEA-4114-84F2-3A8F745A0991}.Debug|Any CPU.ActiveCfg = Debug|Any CPU
		{311699B1-4CEA-4114-84F2-3A8F745A0991}.Debug|Any CPU.Build.0 = Debug|Any CPU
		{311699B1-4CEA-4114-84F2-3A8F745A0991}.Release|Any CPU.ActiveCfg = Release|Any CPU
		{311699B1-4CEA-4114-84F2-3A8F745A0991}.Release|Any CPU.Build.0 = Release|Any CPU
		{9859E663-3939-4DC0-B0D2-16F632E8105A}.Debug|Any CPU.ActiveCfg = Debug|Any CPU
		{9859E663-3939-4DC0-B0D2-16F632E8105A}.Debug|Any CPU.Build.0 = Debug|Any CPU
		{9859E663-3939-4DC0-B0D2-16F632E8105A}.Release|Any CPU.ActiveCfg = Release|Any CPU
		{9859E663-3939-4DC0-B0D2-16F632E8105A}.Release|Any CPU.Build.0 = Release|Any CPU
		{D17713D3-2426-49F1-9055-6E3C3061E9DE}.Debug|Any CPU.ActiveCfg = Debug|Any CPU
		{D17713D3-2426-49F1-9055-6E3C3061E9DE}.Debug|Any CPU.Build.0 = Debug|Any CPU
		{D17713D3-2426-49F1-9055-6E3C3061E9DE}.Release|Any CPU.ActiveCfg = Release|Any CPU
		{D17713D3-2426-49F1-9055-6E3C3061E9DE}.Release|Any CPU.Build.0 = Release|Any CPU
		{098DB434-103D-436A-96F2-B344ED098877}.Debug|Any CPU.ActiveCfg = Debug|Any CPU
		{098DB434-103D-436A-96F2-B344ED098877}.Debug|Any CPU.Build.0 = Debug|Any CPU
		{098DB434-103D-436A-96F2-B344ED098877}.Release|Any CPU.ActiveCfg = Release|Any CPU
		{098DB434-103D-436A-96F2-B344ED098877}.Release|Any CPU.Build.0 = Release|Any CPU
		{3464F42E-1D0E-474F-B833-95DBBB2C3190}.Debug|Any CPU.ActiveCfg = Debug|Any CPU
		{3464F42E-1D0E-474F-B833-95DBBB2C3190}.Debug|Any CPU.Build.0 = Debug|Any CPU
		{3464F42E-1D0E-474F-B833-95DBBB2C3190}.Release|Any CPU.ActiveCfg = Release|Any CPU
		{3464F42E-1D0E-474F-B833-95DBBB2C3190}.Release|Any CPU.Build.0 = Release|Any CPU
		{6415A2A4-6F3C-4930-BA81-B46C22E23C9F}.Debug|Any CPU.ActiveCfg = Debug|Any CPU
		{6415A2A4-6F3C-4930-BA81-B46C22E23C9F}.Debug|Any CPU.Build.0 = Debug|Any CPU
		{6415A2A4-6F3C-4930-BA81-B46C22E23C9F}.Release|Any CPU.ActiveCfg = Release|Any CPU
		{6415A2A4-6F3C-4930-BA81-B46C22E23C9F}.Release|Any CPU.Build.0 = Release|Any CPU
		{A7A09232-4B2C-45FF-96EC-2FFC801F8575}.Debug|Any CPU.ActiveCfg = Debug|Any CPU
		{A7A09232-4B2C-45FF-96EC-2FFC801F8575}.Debug|Any CPU.Build.0 = Debug|Any CPU
		{A7A09232-4B2C-45FF-96EC-2FFC801F8575}.Release|Any CPU.ActiveCfg = Release|Any CPU
		{A7A09232-4B2C-45FF-96EC-2FFC801F8575}.Release|Any CPU.Build.0 = Release|Any CPU
		{BCFCC5FE-7AAD-4A9D-A00A-164823CE579C}.Debug|Any CPU.ActiveCfg = Debug|Any CPU
		{BCFCC5FE-7AAD-4A9D-A00A-164823CE579C}.Debug|Any CPU.Build.0 = Debug|Any CPU
		{BCFCC5FE-7AAD-4A9D-A00A-164823CE579C}.Release|Any CPU.ActiveCfg = Release|Any CPU
		{BCFCC5FE-7AAD-4A9D-A00A-164823CE579C}.Release|Any CPU.Build.0 = Release|Any CPU
		{3513970E-013B-4914-BBF2-1DB55A60E919}.Debug|Any CPU.ActiveCfg = Debug|Any CPU
		{3513970E-013B-4914-BBF2-1DB55A60E919}.Debug|Any CPU.Build.0 = Debug|Any CPU
		{3513970E-013B-4914-BBF2-1DB55A60E919}.Release|Any CPU.ActiveCfg = Release|Any CPU
		{3513970E-013B-4914-BBF2-1DB55A60E919}.Release|Any CPU.Build.0 = Release|Any CPU
	EndGlobalSection
	GlobalSection(SolutionProperties) = preSolution
		HideSolutionNode = FALSE
	EndGlobalSection
	GlobalSection(NestedProjects) = preSolution
		{311699B1-4CEA-4114-84F2-3A8F745A0991} = {66F73E40-627B-48F0-AFFC-17C922ECD921}
		{9859E663-3939-4DC0-B0D2-16F632E8105A} = {66F73E40-627B-48F0-AFFC-17C922ECD921}
		{D17713D3-2426-49F1-9055-6E3C3061E9DE} = {66F73E40-627B-48F0-AFFC-17C922ECD921}
		{098DB434-103D-436A-96F2-B344ED098877} = {CD9D685E-0D0F-4EFD-979E-D3E9A2387D51}
		{3464F42E-1D0E-474F-B833-95DBBB2C3190} = {CD9D685E-0D0F-4EFD-979E-D3E9A2387D51}
		{6415A2A4-6F3C-4930-BA81-B46C22E23C9F} = {CD9D685E-0D0F-4EFD-979E-D3E9A2387D51}
		{A7A09232-4B2C-45FF-96EC-2FFC801F8575} = {3C0BEB08-FD39-4BD6-9C98-BEB5625DE531}
		{BCFCC5FE-7AAD-4A9D-A00A-164823CE579C} = {3C0BEB08-FD39-4BD6-9C98-BEB5625DE531}
		{3513970E-013B-4914-BBF2-1DB55A60E919} = {3C0BEB08-FD39-4BD6-9C98-BEB5625DE531}
	EndGlobalSection
	GlobalSection(ExtensibilityGlobals) = postSolution
		SolutionGuid = {04875F45-D95F-41CF-B4D6-E756639D09BB}
	EndGlobalSection
EndGlobal
