
Microsoft Visual Studio Solution File, Format Version 12.00
# Visual Studio Version 17
VisualStudioVersion = 17.7.34031.279
MinimumVisualStudioVersion = 10.0.40219.1
Project("{2150E333-8FDC-42A3-9474-1A3956D46DE8}") = "Task0", "Task0", "{66F73E40-627B-48F0-AFFC-17C922ECD921}"
EndProject
Project("{FAE04EC0-301F-11D3-BF4B-00C04F79EFBC}") = "Tyuiu.AlmukhametovTI.Sprint2.Task0.V17", "Tyuiu.AlmukhametovTI.Sprint2.Task0.V17\Tyuiu.AlmukhametovTI.Sprint2.Task0.V17.csproj", "{311699B1-4CEA-4114-84F2-3A8F745A0991}"
EndProject
Project("{FAE04EC0-301F-11D3-BF4B-00C04F79EFBC}") = "Tyuiu.AlmukhametovTI.Sprint2.Task0.V17.Lib", "Tyuiu.AlmukhametovTI.Sprint2.Task0.V17.Lib\Tyuiu.AlmukhametovTI.Sprint2.Task0.V17.Lib.csproj", "{9859E663-3939-4DC0-B0D2-16F632E8105A}"
EndProject
Project("{FAE04EC0-301F-11D3-BF4B-00C04F79EFBC}") = "Tyuiu.AlmukhametovTI.Sprint2.Task0.V17.Test", "Tyuiu.AlmukhametovTI.Sprint2.Task0.V17.Test\Tyuiu.AlmukhametovTI.Sprint2.Task0.V17.Test.csproj", "{D17713D3-2426-49F1-9055-6E3C3061E9DE}"
EndProject
Project("{2150E333-8FDC-42A3-9474-1A3956D46DE8}") = "Task1", "Task1", "{CD9D685E-0D0F-4EFD-979E-D3E9A2387D51}"
EndProject
Project("{FAE04EC0-301F-11D3-BF4B-00C04F79EFBC}") = "Tyuiu.AlmukhametovTI.Sprint2.Task1.V2", "Tyuiu.AlmukhametovTI.Sprint2.Task1.V2\Tyuiu.AlmukhametovTI.Sprint2.Task1.V2.csproj", "{098DB434-103D-436A-96F2-B344ED098877}"
EndProject
Project("{FAE04EC0-301F-11D3-BF4B-00C04F79EFBC}") = "Tyuiu.AlmukhametovTI.Sprint2.Task1.V2.Lib", "Tyuiu.AlmukhametovTI.Sprint2.Task1.V2.Lib\Tyuiu.AlmukhametovTI.Sprint2.Task1.V2.Lib.csproj", "{3464F42E-1D0E-474F-B833-95DBBB2C3190}"
EndProject
Project("{FAE04EC0-301F-11D3-BF4B-00C04F79EFBC}") = "Tyuiu.AlmukhametovTI.Sprint2.Task1.V2.Test", "Tyuiu.AlmukhametovTI.Sprint2.Task1.V2.Test\Tyuiu.AlmukhametovTI.Sprint2.Task1.V2.Test.csproj", "{6415A2A4-6F3C-4930-BA81-B46C22E23C9F}"
EndProject
Project("{2150E333-8FDC-42A3-9474-1A3956D46DE8}") = "Task2", "Task2", "{3C0BEB08-FD39-4BD6-9C98-BEB5625DE531}"
EndProject
Project("{FAE04EC0-301F-11D3-BF4B-00C04F79EFBC}") = "Tyuiu.AlmukhametovTI.Sprint2.Task2.V20", "Tyuiu.AlmukhametovTI.Sprint2.Task2.V20\Tyuiu.AlmukhametovTI.Sprint2.Task2.V20.csproj", "{A7A09232-4B2C-45FF-96EC-2FFC801F8575}"
EndProject
Project("{FAE04EC0-301F-11D3-BF4B-00C04F79EFBC}") = "Tyuiu.AlmukhametovTI.Sprint2.Task2.V20.Lib", "Tyuiu.AlmukhametovTI.Sprint2.Task2.V20.Lib\Tyuiu.AlmukhametovTI.Sprint2.Task2.V20.Lib.csproj", "{BCFCC5FE-7AAD-4A9D-A00A-164823CE579C}"
EndProject
Project("{FAE04EC0-301F-11D3-BF4B-00C04F79EFBC}") = "Tyuiu.AlmukhametovTI.Sprint2.Task2.V20.Test", "Tyuiu.AlmukhametovTI.Sprint2.Task2.V20.Test\Tyuiu.AlmukhametovTI.Sprint2.Task2.V20.Test.csproj", "{3513970E-013B-4914-BBF2-1DB55A60E919}"
EndProject
Project("{2150E333-8FDC-42A3-9474-1A3956D46DE8}") = "Task3", "Task3", "{8AB60975-1C4F-4DA8-B56B-4FB022981A6A}"
EndProject
Project("{FAE04EC0-301F-11D3-BF4B-00C04F79EFBC}") = "Tyuiu.AlmukhametovTI.Sprint2.Task3.V16", "Tyuiu.AlmukhametovTI.Sprint2.Task3.V16\Tyuiu.AlmukhametovTI.Sprint2.Task3.V16.csproj", "{ADE86E8D-7AE3-4171-8466-D747DE21E1C8}"
EndProject
Project("{FAE04EC0-301F-11D3-BF4B-00C04F79EFBC}") = "Tyuiu.AlmukhametovTI.Sprint2.Task3.V16.Lib", "Tyuiu.AlmukhametovTI.Sprint2.Task3.V16.Lib\Tyuiu.AlmukhametovTI.Sprint2.Task3.V16.Lib.csproj", "{D4A951EA-0D4C-4D05-A4CF-BBA2CD9977BB}"
EndProject
Project("{FAE04EC0-301F-11D3-BF4B-00C04F79EFBC}") = "Tyuiu.AlmukhametovTI.Sprint2.Task3.V16.Test", "Tyuiu.AlmukhametovTI.Sprint2.Task3.V16.Test\Tyuiu.AlmukhametovTI.Sprint2.Task3.V16.Test.csproj", "{071F01BA-3B2B-41CB-AF8B-8AA321A0DDB5}"
EndProject
Project("{2150E333-8FDC-42A3-9474-1A3956D46DE8}") = "Task4", "Task4", "{0CC77A63-532B-47C6-A2C0-FC0B653B45D0}"
EndProject
Project("{FAE04EC0-301F-11D3-BF4B-00C04F79EFBC}") = "Tyuiu.AlmukhametovTI.Sprint2.Task4.V26", "Tyuiu.AlmukhametovTI.Sprint2.Task4.V26\Tyuiu.AlmukhametovTI.Sprint2.Task4.V26.csproj", "{539184E9-BF70-4F01-AFCF-BCB21E31544B}"
EndProject
Project("{FAE04EC0-301F-11D3-BF4B-00C04F79EFBC}") = "Tyuiu.AlmukhametovTI.Sprint2.Task4.V26.Lib", "Tyuiu.AlmukhametovTI.Sprint2.Task4.V26.Lib\Tyuiu.AlmukhametovTI.Sprint2.Task4.V26.Lib.csproj", "{1C720548-AAE9-44D6-BC7B-CC6E07E981D5}"
EndProject
Project("{FAE04EC0-301F-11D3-BF4B-00C04F79EFBC}") = "Tyuiu.AlmukhametovTI.Sprint2.Task4.V26.Test", "Tyuiu.AlmukhametovTI.Sprint2.Task4.V26.Test\Tyuiu.AlmukhametovTI.Sprint2.Task4.V26.Test.csproj", "{942FFF3E-E494-4C17-8A98-909178FBF983}"
EndProject
Project("{2150E333-8FDC-42A3-9474-1A3956D46DE8}") = "Task5", "Task5", "{2F8A7426-27CE-4F0C-ADD1-48F275FC2648}"
EndProject
Project("{FAE04EC0-301F-11D3-BF4B-00C04F79EFBC}") = "Tyuiu.AlmukhametovTI.Sprint2.Task5.V4", "Tyuiu.AlmukhametovTI.Sprint2.Task5.V4\Tyuiu.AlmukhametovTI.Sprint2.Task5.V4.csproj", "{C0894894-5222-47D0-B7C1-D9811B5A2F12}"
EndProject
Project("{FAE04EC0-301F-11D3-BF4B-00C04F79EFBC}") = "Tyuiu.AlmukhametovTI.Sprint2.Task5.V4.Lib", "Tyuiu.AlmukhametovTI.Sprint2.Task5.V4.Lib\Tyuiu.AlmukhametovTI.Sprint2.Task5.V4.Lib.csproj", "{893D585F-3620-4380-9728-9232CDC28200}"
EndProject
Project("{FAE04EC0-301F-11D3-BF4B-00C04F79EFBC}") = "Tyuiu.AlmukhametovTI.Sprint2.Task5.V4.Test", "Tyuiu.AlmukhametovTI.Sprint2.Task5.V4.Test\Tyuiu.AlmukhametovTI.Sprint2.Task5.V4.Test.csproj", "{A2C03BA3-4F98-4A5F-A917-1FABB0D98A7D}"
EndProject
Project("{2150E333-8FDC-42A3-9474-1A3956D46DE8}") = "Task6", "Task6", "{E9734271-7AE4-4B12-B0CC-DFCD5DAB3A55}"
EndProject
Project("{FAE04EC0-301F-11D3-BF4B-00C04F79EFBC}") = "Tyuiu.AlmukhametovTI.Sprint2.Task6.V10", "Tyuiu.AlmukhametovTI.Sprint2.Task6.V10\Tyuiu.AlmukhametovTI.Sprint2.Task6.V10.csproj", "{D4CFF8B9-3900-4A08-8F1A-CF3D2067AA5D}"
EndProject
Project("{FAE04EC0-301F-11D3-BF4B-00C04F79EFBC}") = "Tyuiu.AlmukhametovTI.Sprint2.Task6.V10.Lib", "Tyuiu.AlmukhametovTI.Sprint2.Task6.V10.Lib\Tyuiu.AlmukhametovTI.Sprint2.Task6.V10.Lib.csproj", "{B943685F-A4A8-4FA9-BB8F-E994B8C7D3C2}"
EndProject
Project("{FAE04EC0-301F-11D3-BF4B-00C04F79EFBC}") = "Tyuiu.AlmukhametovTI.Sprint2.Task6.V10.Test", "Tyuiu.AlmukhametovTI.Sprint2.Task6.V10.Test\Tyuiu.AlmukhametovTI.Sprint2.Task6.V10.Test.csproj", "{0453A7C0-048F-4DD1-B60D-301D6FFE50F2}"
EndProject
Project("{2150E333-8FDC-42A3-9474-1A3956D46DE8}") = "Task7", "Task7", "{57F7D00E-67DC-4B55-A4D5-C336D5C9FB83}"
EndProject
Project("{FAE04EC0-301F-11D3-BF4B-00C04F79EFBC}") = "Tyuiu.AlmukhametovTI.Sprint2.Task7.V2", "Tyuiu.AlmukhametovTI.Sprint2.Task7.V2\Tyuiu.AlmukhametovTI.Sprint2.Task7.V2.csproj", "{04E09FD7-94DB-436D-B05F-EAF626D74E9B}"
EndProject
Project("{FAE04EC0-301F-11D3-BF4B-00C04F79EFBC}") = "Tyuiu.AlmukhametovTI.Sprint2.Task7.V2.Lib", "Tyuiu.AlmukhametovTI.Sprint2.Task7.V2.Lib\Tyuiu.AlmukhametovTI.Sprint2.Task7.V2.Lib.csproj", "{C804BC38-03E0-4CBD-9C43-89792B1948E9}"
EndProject
Project("{FAE04EC0-301F-11D3-BF4B-00C04F79EFBC}") = "Tyuiu.AlmukhametovTI.Sprint2.Task7.V2.Test", "Tyuiu.AlmukhametovTI.Sprint2.Task7.V2.Test\Tyuiu.AlmukhametovTI.Sprint2.Task7.V2.Test.csproj", "{EBEEE91E-9D8E-4254-A4E1-6A8A8A0DADBC}"
EndProject
Global
	GlobalSection(SolutionConfigurationPlatforms) = preSolution
		Debug|Any CPU = Debug|Any CPU
		Release|Any CPU = Release|Any CPU
	EndGlobalSection
	GlobalSection(ProjectConfigurationPlatforms) = postSolution
		{311699B1-4CEA-4114-84F2-3A8F745A0991}.Debug|Any CPU.ActiveCfg = Debug|Any CPU
		{311699B1-4CEA-4114-84F2-3A8F745A0991}.Debug|Any CPU.Build.0 = Debug|Any CPU
		{311699B1-4CEA-4114-84F2-3A8F745A0991}.Release|Any CPU.ActiveCfg = Release|Any CPU
		{311699B1-4CEA-4114-84F2-3A8F745A0991}.Release|Any CPU.Build.0 = Release|Any CPU
		{9859E663-3939-4DC0-B0D2-16F632E8105A}.Debug|Any CPU.ActiveCfg = Debug|Any CPU
		{9859E663-3939-4DC0-B0D2-16F632E8105A}.Debug|Any CPU.Build.0 = Debug|Any CPU
		{9859E663-3939-4DC0-B0D2-16F632E8105A}.Release|Any CPU.ActiveCfg = Release|Any CPU
		{9859E663-3939-4DC0-B0D2-16F632E8105A}.Release|Any CPU.Build.0 = Release|Any CPU
		{D17713D3-2426-49F1-9055-6E3C3061E9DE}.Debug|Any CPU.ActiveCfg = Debug|Any CPU
		{D17713D3-2426-49F1-9055-6E3C3061E9DE}.Debug|Any CPU.Build.0 = Debug|Any CPU
		{D17713D3-2426-49F1-9055-6E3C3061E9DE}.Release|Any CPU.ActiveCfg = Release|Any CPU
		{D17713D3-2426-49F1-9055-6E3C3061E9DE}.Release|Any CPU.Build.0 = Release|Any CPU
		{098DB434-103D-436A-96F2-B344ED098877}.Debug|Any CPU.ActiveCfg = Debug|Any CPU
		{098DB434-103D-436A-96F2-B344ED098877}.Debug|Any CPU.Build.0 = Debug|Any CPU
		{098DB434-103D-436A-96F2-B344ED098877}.Release|Any CPU.ActiveCfg = Release|Any CPU
		{098DB434-103D-436A-96F2-B344ED098877}.Release|Any CPU.Build.0 = Release|Any CPU
		{3464F42E-1D0E-474F-B833-95DBBB2C3190}.Debug|Any CPU.ActiveCfg = Debug|Any CPU
		{3464F42E-1D0E-474F-B833-95DBBB2C3190}.Debug|Any CPU.Build.0 = Debug|Any CPU
		{3464F42E-1D0E-474F-B833-95DBBB2C3190}.Release|Any CPU.ActiveCfg = Release|Any CPU
		{3464F42E-1D0E-474F-B833-95DBBB2C3190}.Release|Any CPU.Build.0 = Release|Any CPU
		{6415A2A4-6F3C-4930-BA81-B46C22E23C9F}.Debug|Any CPU.ActiveCfg = Debug|Any CPU
		{6415A2A4-6F3C-4930-BA81-B46C22E23C9F}.Debug|Any CPU.Build.0 = Debug|Any CPU
		{6415A2A4-6F3C-4930-BA81-B46C22E23C9F}.Release|Any CPU.ActiveCfg = Release|Any CPU
		{6415A2A4-6F3C-4930-BA81-B46C22E23C9F}.Release|Any CPU.Build.0 = Release|Any CPU
		{A7A09232-4B2C-45FF-96EC-2FFC801F8575}.Debug|Any CPU.ActiveCfg = Debug|Any CPU
		{A7A09232-4B2C-45FF-96EC-2FFC801F8575}.Debug|Any CPU.Build.0 = Debug|Any CPU
		{A7A09232-4B2C-45FF-96EC-2FFC801F8575}.Release|Any CPU.ActiveCfg = Release|Any CPU
		{A7A09232-4B2C-45FF-96EC-2FFC801F8575}.Release|Any CPU.Build.0 = Release|Any CPU
		{BCFCC5FE-7AAD-4A9D-A00A-164823CE579C}.Debug|Any CPU.ActiveCfg = Debug|Any CPU
		{BCFCC5FE-7AAD-4A9D-A00A-164823CE579C}.Debug|Any CPU.Build.0 = Debug|Any CPU
		{BCFCC5FE-7AAD-4A9D-A00A-164823CE579C}.Release|Any CPU.ActiveCfg = Release|Any CPU
		{BCFCC5FE-7AAD-4A9D-A00A-164823CE579C}.Release|Any CPU.Build.0 = Release|Any CPU
		{3513970E-013B-4914-BBF2-1DB55A60E919}.Debug|Any CPU.ActiveCfg = Debug|Any CPU
		{3513970E-013B-4914-BBF2-1DB55A60E919}.Debug|Any CPU.Build.0 = Debug|Any CPU
		{3513970E-013B-4914-BBF2-1DB55A60E919}.Release|Any CPU.ActiveCfg = Release|Any CPU
		{3513970E-013B-4914-BBF2-1DB55A60E919}.Release|Any CPU.Build.0 = Release|Any CPU
		{ADE86E8D-7AE3-4171-8466-D747DE21E1C8}.Debug|Any CPU.ActiveCfg = Debug|Any CPU
		{ADE86E8D-7AE3-4171-8466-D747DE21E1C8}.Debug|Any CPU.Build.0 = Debug|Any CPU
		{ADE86E8D-7AE3-4171-8466-D747DE21E1C8}.Release|Any CPU.ActiveCfg = Release|Any CPU
		{ADE86E8D-7AE3-4171-8466-D747DE21E1C8}.Release|Any CPU.Build.0 = Release|Any CPU
		{D4A951EA-0D4C-4D05-A4CF-BBA2CD9977BB}.Debug|Any CPU.ActiveCfg = Debug|Any CPU
		{D4A951EA-0D4C-4D05-A4CF-BBA2CD9977BB}.Debug|Any CPU.Build.0 = Debug|Any CPU
		{D4A951EA-0D4C-4D05-A4CF-BBA2CD9977BB}.Release|Any CPU.ActiveCfg = Release|Any CPU
		{D4A951EA-0D4C-4D05-A4CF-BBA2CD9977BB}.Release|Any CPU.Build.0 = Release|Any CPU
		{071F01BA-3B2B-41CB-AF8B-8AA321A0DDB5}.Debug|Any CPU.ActiveCfg = Debug|Any CPU
		{071F01BA-3B2B-41CB-AF8B-8AA321A0DDB5}.Debug|Any CPU.Build.0 = Debug|Any CPU
		{071F01BA-3B2B-41CB-AF8B-8AA321A0DDB5}.Release|Any CPU.ActiveCfg = Release|Any CPU
		{071F01BA-3B2B-41CB-AF8B-8AA321A0DDB5}.Release|Any CPU.Build.0 = Release|Any CPU
		{539184E9-BF70-4F01-AFCF-BCB21E31544B}.Debug|Any CPU.ActiveCfg = Debug|Any CPU
		{539184E9-BF70-4F01-AFCF-BCB21E31544B}.Debug|Any CPU.Build.0 = Debug|Any CPU
		{539184E9-BF70-4F01-AFCF-BCB21E31544B}.Release|Any CPU.ActiveCfg = Release|Any CPU
		{539184E9-BF70-4F01-AFCF-BCB21E31544B}.Release|Any CPU.Build.0 = Release|Any CPU
		{1C720548-AAE9-44D6-BC7B-CC6E07E981D5}.Debug|Any CPU.ActiveCfg = Debug|Any CPU
		{1C720548-AAE9-44D6-BC7B-CC6E07E981D5}.Debug|Any CPU.Build.0 = Debug|Any CPU
		{1C720548-AAE9-44D6-BC7B-CC6E07E981D5}.Release|Any CPU.ActiveCfg = Release|Any CPU
		{1C720548-AAE9-44D6-BC7B-CC6E07E981D5}.Release|Any CPU.Build.0 = Release|Any CPU
		{942FFF3E-E494-4C17-8A98-909178FBF983}.Debug|Any CPU.ActiveCfg = Debug|Any CPU
		{942FFF3E-E494-4C17-8A98-909178FBF983}.Debug|Any CPU.Build.0 = Debug|Any CPU
		{942FFF3E-E494-4C17-8A98-909178FBF983}.Release|Any CPU.ActiveCfg = Release|Any CPU
		{942FFF3E-E494-4C17-8A98-909178FBF983}.Release|Any CPU.Build.0 = Release|Any CPU
		{C0894894-5222-47D0-B7C1-D9811B5A2F12}.Debug|Any CPU.ActiveCfg = Debug|Any CPU
		{C0894894-5222-47D0-B7C1-D9811B5A2F12}.Debug|Any CPU.Build.0 = Debug|Any CPU
		{C0894894-5222-47D0-B7C1-D9811B5A2F12}.Release|Any CPU.ActiveCfg = Release|Any CPU
		{C0894894-5222-47D0-B7C1-D9811B5A2F12}.Release|Any CPU.Build.0 = Release|Any CPU
		{893D585F-3620-4380-9728-9232CDC28200}.Debug|Any CPU.ActiveCfg = Debug|Any CPU
		{893D585F-3620-4380-9728-9232CDC28200}.Debug|Any CPU.Build.0 = Debug|Any CPU
		{893D585F-3620-4380-9728-9232CDC28200}.Release|Any CPU.ActiveCfg = Release|Any CPU
		{893D585F-3620-4380-9728-9232CDC28200}.Release|Any CPU.Build.0 = Release|Any CPU
		{A2C03BA3-4F98-4A5F-A917-1FABB0D98A7D}.Debug|Any CPU.ActiveCfg = Debug|Any CPU
		{A2C03BA3-4F98-4A5F-A917-1FABB0D98A7D}.Debug|Any CPU.Build.0 = Debug|Any CPU
		{A2C03BA3-4F98-4A5F-A917-1FABB0D98A7D}.Release|Any CPU.ActiveCfg = Release|Any CPU
		{A2C03BA3-4F98-4A5F-A917-1FABB0D98A7D}.Release|Any CPU.Build.0 = Release|Any CPU
		{D4CFF8B9-3900-4A08-8F1A-CF3D2067AA5D}.Debug|Any CPU.ActiveCfg = Debug|Any CPU
		{D4CFF8B9-3900-4A08-8F1A-CF3D2067AA5D}.Debug|Any CPU.Build.0 = Debug|Any CPU
		{D4CFF8B9-3900-4A08-8F1A-CF3D2067AA5D}.Release|Any CPU.ActiveCfg = Release|Any CPU
		{D4CFF8B9-3900-4A08-8F1A-CF3D2067AA5D}.Release|Any CPU.Build.0 = Release|Any CPU
		{B943685F-A4A8-4FA9-BB8F-E994B8C7D3C2}.Debug|Any CPU.ActiveCfg = Debug|Any CPU
		{B943685F-A4A8-4FA9-BB8F-E994B8C7D3C2}.Debug|Any CPU.Build.0 = Debug|Any CPU
		{B943685F-A4A8-4FA9-BB8F-E994B8C7D3C2}.Release|Any CPU.ActiveCfg = Release|Any CPU
		{B943685F-A4A8-4FA9-BB8F-E994B8C7D3C2}.Release|Any CPU.Build.0 = Release|Any CPU
		{0453A7C0-048F-4DD1-B60D-301D6FFE50F2}.Debug|Any CPU.ActiveCfg = Debug|Any CPU
		{0453A7C0-048F-4DD1-B60D-301D6FFE50F2}.Debug|Any CPU.Build.0 = Debug|Any CPU
		{0453A7C0-048F-4DD1-B60D-301D6FFE50F2}.Release|Any CPU.ActiveCfg = Release|Any CPU
		{0453A7C0-048F-4DD1-B60D-301D6FFE50F2}.Release|Any CPU.Build.0 = Release|Any CPU
		{04E09FD7-94DB-436D-B05F-EAF626D74E9B}.Debug|Any CPU.ActiveCfg = Debug|Any CPU
		{04E09FD7-94DB-436D-B05F-EAF626D74E9B}.Debug|Any CPU.Build.0 = Debug|Any CPU
		{04E09FD7-94DB-436D-B05F-EAF626D74E9B}.Release|Any CPU.ActiveCfg = Release|Any CPU
		{04E09FD7-94DB-436D-B05F-EAF626D74E9B}.Release|Any CPU.Build.0 = Release|Any CPU
		{C804BC38-03E0-4CBD-9C43-89792B1948E9}.Debug|Any CPU.ActiveCfg = Debug|Any CPU
		{C804BC38-03E0-4CBD-9C43-89792B1948E9}.Debug|Any CPU.Build.0 = Debug|Any CPU
		{C804BC38-03E0-4CBD-9C43-89792B1948E9}.Release|Any CPU.ActiveCfg = Release|Any CPU
		{C804BC38-03E0-4CBD-9C43-89792B1948E9}.Release|Any CPU.Build.0 = Release|Any CPU
		{EBEEE91E-9D8E-4254-A4E1-6A8A8A0DADBC}.Debug|Any CPU.ActiveCfg = Debug|Any CPU
		{EBEEE91E-9D8E-4254-A4E1-6A8A8A0DADBC}.Debug|Any CPU.Build.0 = Debug|Any CPU
		{EBEEE91E-9D8E-4254-A4E1-6A8A8A0DADBC}.Release|Any CPU.ActiveCfg = Release|Any CPU
		{EBEEE91E-9D8E-4254-A4E1-6A8A8A0DADBC}.Release|Any CPU.Build.0 = Release|Any CPU
	EndGlobalSection
	GlobalSection(SolutionProperties) = preSolution
		HideSolutionNode = FALSE
	EndGlobalSection
	GlobalSection(NestedProjects) = preSolution
		{311699B1-4CEA-4114-84F2-3A8F745A0991} = {66F73E40-627B-48F0-AFFC-17C922ECD921}
		{9859E663-3939-4DC0-B0D2-16F632E8105A} = {66F73E40-627B-48F0-AFFC-17C922ECD921}
		{D17713D3-2426-49F1-9055-6E3C3061E9DE} = {66F73E40-627B-48F0-AFFC-17C922ECD921}
		{098DB434-103D-436A-96F2-B344ED098877} = {CD9D685E-0D0F-4EFD-979E-D3E9A2387D51}
		{3464F42E-1D0E-474F-B833-95DBBB2C3190} = {CD9D685E-0D0F-4EFD-979E-D3E9A2387D51}
		{6415A2A4-6F3C-4930-BA81-B46C22E23C9F} = {CD9D685E-0D0F-4EFD-979E-D3E9A2387D51}
		{A7A09232-4B2C-45FF-96EC-2FFC801F8575} = {3C0BEB08-FD39-4BD6-9C98-BEB5625DE531}
		{BCFCC5FE-7AAD-4A9D-A00A-164823CE579C} = {3C0BEB08-FD39-4BD6-9C98-BEB5625DE531}
		{3513970E-013B-4914-BBF2-1DB55A60E919} = {3C0BEB08-FD39-4BD6-9C98-BEB5625DE531}
		{ADE86E8D-7AE3-4171-8466-D747DE21E1C8} = {8AB60975-1C4F-4DA8-B56B-4FB022981A6A}
		{D4A951EA-0D4C-4D05-A4CF-BBA2CD9977BB} = {8AB60975-1C4F-4DA8-B56B-4FB022981A6A}
		{071F01BA-3B2B-41CB-AF8B-8AA321A0DDB5} = {8AB60975-1C4F-4DA8-B56B-4FB022981A6A}
		{539184E9-BF70-4F01-AFCF-BCB21E31544B} = {0CC77A63-532B-47C6-A2C0-FC0B653B45D0}
		{1C720548-AAE9-44D6-BC7B-CC6E07E981D5} = {0CC77A63-532B-47C6-A2C0-FC0B653B45D0}
		{942FFF3E-E494-4C17-8A98-909178FBF983} = {0CC77A63-532B-47C6-A2C0-FC0B653B45D0}
		{C0894894-5222-47D0-B7C1-D9811B5A2F12} = {2F8A7426-27CE-4F0C-ADD1-48F275FC2648}
		{893D585F-3620-4380-9728-9232CDC28200} = {2F8A7426-27CE-4F0C-ADD1-48F275FC2648}
		{A2C03BA3-4F98-4A5F-A917-1FABB0D98A7D} = {2F8A7426-27CE-4F0C-ADD1-48F275FC2648}
		{D4CFF8B9-3900-4A08-8F1A-CF3D2067AA5D} = {E9734271-7AE4-4B12-B0CC-DFCD5DAB3A55}
		{B943685F-A4A8-4FA9-BB8F-E994B8C7D3C2} = {E9734271-7AE4-4B12-B0CC-DFCD5DAB3A55}
		{0453A7C0-048F-4DD1-B60D-301D6FFE50F2} = {E9734271-7AE4-4B12-B0CC-DFCD5DAB3A55}
		{04E09FD7-94DB-436D-B05F-EAF626D74E9B} = {57F7D00E-67DC-4B55-A4D5-C336D5C9FB83}
		{C804BC38-03E0-4CBD-9C43-89792B1948E9} = {57F7D00E-67DC-4B55-A4D5-C336D5C9FB83}
		{EBEEE91E-9D8E-4254-A4E1-6A8A8A0DADBC} = {57F7D00E-67DC-4B55-A4D5-C336D5C9FB83}
	EndGlobalSection
	GlobalSection(ExtensibilityGlobals) = postSolution
		SolutionGuid = {04875F45-D95F-41CF-B4D6-E756639D09BB}
	EndGlobalSection
EndGlobal
